# THIS IS AN AUTOGENERATED FILE. DO NOT EDIT THIS FILE DIRECTLY.
# yarn lockfile v1


"@heroicons/react@1.0.0":
  version "1.0.0"
  resolved "https://registry.yarnpkg.com/@heroicons/react/-/react-1.0.0.tgz#16a6147f665434b68f401f050a6cb1d68cf819bc"
  integrity sha512-BHu+zsJ37B8RsspItwn2yTrph1Jj+k8YhVGV/UmAbxjhphC+RPdYMKzAJm9kGtA526loPtP+FYQM9GdMYTe13Q==
