# THIS IS AN AUTOGENERATED FILE. DO NOT EDIT THIS FILE DIRECTLY.
# yarn lockfile v1


"@heroicons/react@1.0.0":
  version "1.0.0"
  resolved "https://registry.yarnpkg.com/@heroicons/react/-/react-1.0.0.tgz#16a6147f665434b68f401f050a6cb1d68cf819bc"
  integrity sha512-BHu+zsJ37B8RsspItwn2yTrph1Jj+k8YhVGV/UmAbxjhphC+RPdYMKzAJm9kGtA526loPtP+FYQM9GdMYTe13Q==

react-server-dom-webpack@^0.0.1:
  version "0.0.1"
  resolved "https://registry.yarnpkg.com/react-server-dom-webpack/-/react-server-dom-webpack-0.0.1.tgz#385f0c886b5c014601dcda9754b37702fcdff183"
  integrity sha512-XLR1T3SxiYe5CePB7apZg91V7zJqp55rAj1wb1rD0VQc8eA/Tt1mhCXaDKvUnLAxiOqUgRapl9CA3eud0UhEvg==
